// !$*UTF8*$!
{
	archiveVersion = 1;
	classes = {
	};
	objectVersion = 48;
	objects = {

/* Begin PBXBuildFile section */
		00107191204DD98D007638D9 /* APIService.swift in Sources */ = {isa = PBXBuildFile; fileRef = 00107190204DD98D007638D9 /* APIService.swift */; };
		00107193204DDE8B007638D9 /* TitleView.swift in Sources */ = {isa = PBXBuildFile; fileRef = 00107192204DDE8B007638D9 /* TitleView.swift */; };
		00107195204DEC66007638D9 /* SimplePhoto.swift in Sources */ = {isa = PBXBuildFile; fileRef = 00107194204DEC66007638D9 /* SimplePhoto.swift */; };
		00EA7C9B204DD3A7003242C8 /* AppDelegate.swift in Sources */ = {isa = PBXBuildFile; fileRef = 00EA7C9A204DD3A7003242C8 /* AppDelegate.swift */; };
		00EA7C9D204DD3A7003242C8 /* ViewController.swift in Sources */ = {isa = PBXBuildFile; fileRef = 00EA7C9C204DD3A7003242C8 /* ViewController.swift */; };
		00EA7CA0204DD3A7003242C8 /* Main.storyboard in Resources */ = {isa = PBXBuildFile; fileRef = 00EA7C9E204DD3A7003242C8 /* Main.storyboard */; };
		00EA7CA2204DD3A7003242C8 /* Assets.xcassets in Resources */ = {isa = PBXBuildFile; fileRef = 00EA7CA1204DD3A7003242C8 /* Assets.xcassets */; };
		00EA7CA5204DD3A7003242C8 /* LaunchScreen.storyboard in Resources */ = {isa = PBXBuildFile; fileRef = 00EA7CA3204DD3A7003242C8 /* LaunchScreen.storyboard */; };
		00EA7CAD204DD48A003242C8 /* MainVC.swift in Sources */ = {isa = PBXBuildFile; fileRef = 00EA7CAC204DD48A003242C8 /* MainVC.swift */; };
		00EA7CAF204DD4A6003242C8 /* CustomCollectionCell.swift in Sources */ = {isa = PBXBuildFile; fileRef = 00EA7CAE204DD4A6003242C8 /* CustomCollectionCell.swift */; };
		00EA7CB1204DD775003242C8 /* Photo.swift in Sources */ = {isa = PBXBuildFile; fileRef = 00EA7CB0204DD775003242C8 /* Photo.swift */; };
/* End PBXBuildFile section */

/* Begin PBXFileReference section */
		00107190204DD98D007638D9 /* APIService.swift */ = {isa = PBXFileReference; lastKnownFileType = sourcecode.swift; path = APIService.swift; sourceTree = "<group>"; };
		00107192204DDE8B007638D9 /* TitleView.swift */ = {isa = PBXFileReference; lastKnownFileType = sourcecode.swift; path = TitleView.swift; sourceTree = "<group>"; };
		00107194204DEC66007638D9 /* SimplePhoto.swift */ = {isa = PBXFileReference; lastKnownFileType = sourcecode.swift; path = SimplePhoto.swift; sourceTree = "<group>"; };
		00EA7C97204DD3A7003242C8 /* CollectionViewPractice.app */ = {isa = PBXFileReference; explicitFileType = wrapper.application; includeInIndex = 0; path = CollectionViewPractice.app; sourceTree = BUILT_PRODUCTS_DIR; };
		00EA7C9A204DD3A7003242C8 /* AppDelegate.swift */ = {isa = PBXFileReference; lastKnownFileType = sourcecode.swift; path = AppDelegate.swift; sourceTree = "<group>"; };
		00EA7C9C204DD3A7003242C8 /* ViewController.swift */ = {isa = PBXFileReference; lastKnownFileType = sourcecode.swift; path = ViewController.swift; sourceTree = "<group>"; };
		00EA7C9F204DD3A7003242C8 /* Base */ = {isa = PBXFileReference; lastKnownFileType = file.storyboard; name = Base; path = Base.lproj/Main.storyboard; sourceTree = "<group>"; };
		00EA7CA1204DD3A7003242C8 /* Assets.xcassets */ = {isa = PBXFileReference; lastKnownFileType = folder.assetcatalog; path = Assets.xcassets; sourceTree = "<group>"; };
		00EA7CA4204DD3A7003242C8 /* Base */ = {isa = PBXFileReference; lastKnownFileType = file.storyboard; name = Base; path = Base.lproj/LaunchScreen.storyboard; sourceTree = "<group>"; };
		00EA7CA6204DD3A7003242C8 /* Info.plist */ = {isa = PBXFileReference; lastKnownFileType = text.plist.xml; path = Info.plist; sourceTree = "<group>"; };
		00EA7CAC204DD48A003242C8 /* MainVC.swift */ = {isa = PBXFileReference; lastKnownFileType = sourcecode.swift; path = MainVC.swift; sourceTree = "<group>"; };
		00EA7CAE204DD4A6003242C8 /* CustomCollectionCell.swift */ = {isa = PBXFileReference; lastKnownFileType = sourcecode.swift; path = CustomCollectionCell.swift; sourceTree = "<group>"; };
		00EA7CB0204DD775003242C8 /* Photo.swift */ = {isa = PBXFileReference; lastKnownFileType = sourcecode.swift; path = Photo.swift; sourceTree = "<group>"; };
/* End PBXFileReference section */

/* Begin PBXFrameworksBuildPhase section */
		00EA7C94204DD3A7003242C8 /* Frameworks */ = {
			isa = PBXFrameworksBuildPhase;
			buildActionMask = 2147483647;
			files = (
			);
			runOnlyForDeploymentPostprocessing = 0;
		};
/* End PBXFrameworksBuildPhase section */

/* Begin PBXGroup section */
		00EA7C8E204DD3A7003242C8 = {
			isa = PBXGroup;
			children = (
				00EA7C99204DD3A7003242C8 /* CollectionViewPractice */,
				00EA7C98204DD3A7003242C8 /* Products */,
			);
			sourceTree = "<group>";
		};
		00EA7C98204DD3A7003242C8 /* Products */ = {
			isa = PBXGroup;
			children = (
				00EA7C97204DD3A7003242C8 /* CollectionViewPractice.app */,
			);
			name = Products;
			sourceTree = "<group>";
		};
		00EA7C99204DD3A7003242C8 /* CollectionViewPractice */ = {
			isa = PBXGroup;
			children = (
				00EA7C9A204DD3A7003242C8 /* AppDelegate.swift */,
				00EA7C9C204DD3A7003242C8 /* ViewController.swift */,
				00EA7C9E204DD3A7003242C8 /* Main.storyboard */,
				00EA7CA1204DD3A7003242C8 /* Assets.xcassets */,
				00EA7CA3204DD3A7003242C8 /* LaunchScreen.storyboard */,
				00EA7CA6204DD3A7003242C8 /* Info.plist */,
				00EA7CAC204DD48A003242C8 /* MainVC.swift */,
				00EA7CAE204DD4A6003242C8 /* CustomCollectionCell.swift */,
				00EA7CB0204DD775003242C8 /* Photo.swift */,
				00107190204DD98D007638D9 /* APIService.swift */,
				00107192204DDE8B007638D9 /* TitleView.swift */,
				00107194204DEC66007638D9 /* SimplePhoto.swift */,
			);
			path = CollectionViewPractice;
			sourceTree = "<group>";
		};
/* End PBXGroup section */

/* Begin PBXNativeTarget section */
		00EA7C96204DD3A7003242C8 /* CollectionViewPractice */ = {
			isa = PBXNativeTarget;
			buildConfigurationList = 00EA7CA9204DD3A7003242C8 /* Build configuration list for PBXNativeTarget "CollectionViewPractice" */;
			buildPhases = (
				00EA7C93204DD3A7003242C8 /* Sources */,
				00EA7C94204DD3A7003242C8 /* Frameworks */,
				00EA7C95204DD3A7003242C8 /* Resources */,
			);
			buildRules = (
			);
			dependencies = (
			);
			name = CollectionViewPractice;
			productName = CollectionViewPractice;
			productReference = 00EA7C97204DD3A7003242C8 /* CollectionViewPractice.app */;
			productType = "com.apple.product-type.application";
		};
/* End PBXNativeTarget section */

/* Begin PBXProject section */
		00EA7C8F204DD3A7003242C8 /* Project object */ = {
			isa = PBXProject;
			attributes = {
				LastSwiftUpdateCheck = 0920;
				LastUpgradeCheck = 0920;
				ORGANIZATIONNAME = "Iain Coleman";
				TargetAttributes = {
					00EA7C96204DD3A7003242C8 = {
						CreatedOnToolsVersion = 9.2;
						ProvisioningStyle = Automatic;
					};
				};
			};
			buildConfigurationList = 00EA7C92204DD3A7003242C8 /* Build configuration list for PBXProject "CollectionViewPractice" */;
			compatibilityVersion = "Xcode 8.0";
			developmentRegion = en;
			hasScannedForEncodings = 0;
			knownRegions = (
				en,
				Base,
			);
			mainGroup = 00EA7C8E204DD3A7003242C8;
			productRefGroup = 00EA7C98204DD3A7003242C8 /* Products */;
			projectDirPath = "";
			projectRoot = "";
			targets = (
				00EA7C96204DD3A7003242C8 /* CollectionViewPractice */,
			);
		};
/* End PBXProject section */

/* Begin PBXResourcesBuildPhase section */
		00EA7C95204DD3A7003242C8 /* Resources */ = {
			isa = PBXResourcesBuildPhase;
			buildActionMask = 2147483647;
			files = (
				00EA7CA5204DD3A7003242C8 /* LaunchScreen.storyboard in Resources */,
				00EA7CA2204DD3A7003242C8 /* Assets.xcassets in Resources */,
				00EA7CA0204DD3A7003242C8 /* Main.storyboard in Resources */,
			);
			runOnlyForDeploymentPostprocessing = 0;
		};
/* End PBXResourcesBuildPhase section */

/* Begin PBXSourcesBuildPhase section */
		00EA7C93204DD3A7003242C8 /* Sources */ = {
			isa = PBXSourcesBuildPhase;
			buildActionMask = 2147483647;
			files = (
				00107195204DEC66007638D9 /* SimplePhoto.swift in Sources */,
				00EA7CAF204DD4A6003242C8 /* CustomCollectionCell.swift in Sources */,
				00EA7C9D204DD3A7003242C8 /* ViewController.swift in Sources */,
				00EA7CAD204DD48A003242C8 /* MainVC.swift in Sources */,
				00107193204DDE8B007638D9 /* TitleView.swift in Sources */,
				00EA7CB1204DD775003242C8 /* Photo.swift in Sources */,
				00107191204DD98D007638D9 /* APIService.swift in Sources */,
				00EA7C9B204DD3A7003242C8 /* AppDelegate.swift in Sources */,
			);
			runOnlyForDeploymentPostprocessing = 0;
		};
/* End PBXSourcesBuildPhase section */

/* Begin PBXVariantGroup section */
		00EA7C9E204DD3A7003242C8 /* Main.storyboard */ = {
			isa = PBXVariantGroup;
			children = (
				00EA7C9F204DD3A7003242C8 /* Base */,
			);
			name = Main.storyboard;
			sourceTree = "<group>";
		};
		00EA7CA3204DD3A7003242C8 /* LaunchScreen.storyboard */ = {
			isa = PBXVariantGroup;
			children = (
				00EA7CA4204DD3A7003242C8 /* Base */,
			);
			name = LaunchScreen.storyboard;
			sourceTree = "<group>";
		};
/* End PBXVariantGroup section */

/* Begin XCBuildConfiguration section */
		00EA7CA7204DD3A7003242C8 /* Debug */ = {
			isa = XCBuildConfiguration;
			buildSettings = {
				ALWAYS_SEARCH_USER_PATHS = NO;
				CLANG_ANALYZER_NONNULL = YES;
				CLANG_ANALYZER_NUMBER_OBJECT_CONVERSION = YES_AGGRESSIVE;
				CLANG_CXX_LANGUAGE_STANDARD = "gnu++14";
				CLANG_CXX_LIBRARY = "libc++";
				CLANG_ENABLE_MODULES = YES;
				CLANG_ENABLE_OBJC_ARC = YES;
				CLANG_WARN_BLOCK_CAPTURE_AUTORELEASING = YES;
				CLANG_WARN_BOOL_CONVERSION = YES;
				CLANG_WARN_COMMA = YES;
				CLANG_WARN_CONSTANT_CONVERSION = YES;
				CLANG_WARN_DIRECT_OBJC_ISA_USAGE = YES_ERROR;
				CLANG_WARN_DOCUMENTATION_COMMENTS = YES;
				CLANG_WARN_EMPTY_BODY = YES;
				CLANG_WARN_ENUM_CONVERSION = YES;
				CLANG_WARN_INFINITE_RECURSION = YES;
				CLANG_WARN_INT_CONVERSION = YES;
				CLANG_WARN_NON_LITERAL_NULL_CONVERSION = YES;
				CLANG_WARN_OBJC_LITERAL_CONVERSION = YES;
				CLANG_WARN_OBJC_ROOT_CLASS = YES_ERROR;
				CLANG_WARN_RANGE_LOOP_ANALYSIS = YES;
				CLANG_WARN_STRICT_PROTOTYPES = YES;
				CLANG_WARN_SUSPICIOUS_MOVE = YES;
				CLANG_WARN_UNGUARDED_AVAILABILITY = YES_AGGRESSIVE;
				CLANG_WARN_UNREACHABLE_CODE = YES;
				CLANG_WARN__DUPLICATE_METHOD_MATCH = YES;
				CODE_SIGN_IDENTITY = "iPhone Developer";
				COPY_PHASE_STRIP = NO;
				DEBUG_INFORMATION_FORMAT = dwarf;
				ENABLE_STRICT_OBJC_MSGSEND = YES;
				ENABLE_TESTABILITY = YES;
				GCC_C_LANGUAGE_STANDARD = gnu11;
				GCC_DYNAMIC_NO_PIC = NO;
				GCC_NO_COMMON_BLOCKS = YES;
				GCC_OPTIMIZATION_LEVEL = 0;
				GCC_PREPROCESSOR_DEFINITIONS = (
					"DEBUG=1",
					"$(inherited)",
				);
				GCC_WARN_64_TO_32_BIT_CONVERSION = YES;
				GCC_WARN_ABOUT_RETURN_TYPE = YES_ERROR;
				GCC_WARN_UNDECLARED_SELECTOR = YES;
				GCC_WARN_UNINITIALIZED_AUTOS = YES_AGGRESSIVE;
				GCC_WARN_UNUSED_FUNCTION = YES;
				GCC_WARN_UNUSED_VARIABLE = YES;
				IPHONEOS_DEPLOYMENT_TARGET = 11.2;
				MTL_ENABLE_DEBUG_INFO = YES;
				ONLY_ACTIVE_ARCH = YES;
				SDKROOT = iphoneos;
				SWIFT_ACTIVE_COMPILATION_CONDITIONS = DEBUG;
				SWIFT_OPTIMIZATION_LEVEL = "-Onone";
			};
			name = Debug;
		};
		00EA7CA8204DD3A7003242C8 /* Release */ = {
			isa = XCBuildConfiguration;
			buildSettings = {
				ALWAYS_SEARCH_USER_PATHS = NO;
				CLANG_ANALYZER_NONNULL = YES;
				CLANG_ANALYZER_NUMBER_OBJECT_CONVERSION = YES_AGGRESSIVE;
				CLANG_CXX_LANGUAGE_STANDARD = "gnu++14";
				CLANG_CXX_LIBRARY = "libc++";
				CLANG_ENABLE_MODULES = YES;
				CLANG_ENABLE_OBJC_ARC = YES;
				CLANG_WARN_BLOCK_CAPTURE_AUTORELEASING = YES;
				CLANG_WARN_BOOL_CONVERSION = YES;
				CLANG_WARN_COMMA = YES;
				CLANG_WARN_CONSTANT_CONVERSION = YES;
				CLANG_WARN_DIRECT_OBJC_ISA_USAGE = YES_ERROR;
				CLANG_WARN_DOCUMENTATION_COMMENTS = YES;
				CLANG_WARN_EMPTY_BODY = YES;
				CLANG_WARN_ENUM_CONVERSION = YES;
				CLANG_WARN_INFINITE_RECURSION = YES;
				CLANG_WARN_INT_CONVERSION = YES;
				CLANG_WARN_NON_LITERAL_NULL_CONVERSION = YES;
				CLANG_WARN_OBJC_LITERAL_CONVERSION = YES;
				CLANG_WARN_OBJC_ROOT_CLASS = YES_ERROR;
				CLANG_WARN_RANGE_LOOP_ANALYSIS = YES;
				CLANG_WARN_STRICT_PROTOTYPES = YES;
				CLANG_WARN_SUSPICIOUS_MOVE = YES;
				CLANG_WARN_UNGUARDED_AVAILABILITY = YES_AGGRESSIVE;
				CLANG_WARN_UNREACHABLE_CODE = YES;
				CLANG_WARN__DUPLICATE_METHOD_MATCH = YES;
				CODE_SIGN_IDENTITY = "iPhone Developer";
				COPY_PHASE_STRIP = NO;
				DEBUG_INFORMATION_FORMAT = "dwarf-with-dsym";
				ENABLE_NS_ASSERTIONS = NO;
				ENABLE_STRICT_OBJC_MSGSEND = YES;
				GCC_C_LANGUAGE_STANDARD = gnu11;
				GCC_NO_COMMON_BLOCKS = YES;
				GCC_WARN_64_TO_32_BIT_CONVERSION = YES;
				GCC_WARN_ABOUT_RETURN_TYPE = YES_ERROR;
				GCC_WARN_UNDECLARED_SELECTOR = YES;
				GCC_WARN_UNINITIALIZED_AUTOS = YES_AGGRESSIVE;
				GCC_WARN_UNUSED_FUNCTION = YES;
				GCC_WARN_UNUSED_VARIABLE = YES;
				IPHONEOS_DEPLOYMENT_TARGET = 11.2;
				MTL_ENABLE_DEBUG_INFO = NO;
				SDKROOT = iphoneos;
				SWIFT_OPTIMIZATION_LEVEL = "-Owholemodule";
				VALIDATE_PRODUCT = YES;
			};
			name = Release;
		};
		00EA7CAA204DD3A7003242C8 /* Debug */ = {
			isa = XCBuildConfiguration;
			buildSettings = {
				ASSETCATALOG_COMPILER_APPICON_NAME = AppIcon;
				CODE_SIGN_STYLE = Automatic;
				DEVELOPMENT_TEAM = 9GNF787574;
				INFOPLIST_FILE = CollectionViewPractice/Info.plist;
				LD_RUNPATH_SEARCH_PATHS = "$(inherited) @executable_path/Frameworks";
				PRODUCT_BUNDLE_IDENTIFIER = com.fiendishcorporation.CollectionViewPractice;
				PRODUCT_NAME = "$(TARGET_NAME)";
				SWIFT_VERSION = 4.0;
				TARGETED_DEVICE_FAMILY = "1,2";
			};
			name = Debug;
		};
		00EA7CAB204DD3A7003242C8 /* Release */ = {
			isa = XCBuildConfiguration;
			buildSettings = {
				ASSETCATALOG_COMPILER_APPICON_NAME = AppIcon;
				CODE_SIGN_STYLE = Automatic;
				DEVELOPMENT_TEAM = 9GNF787574;
				INFOPLIST_FILE = CollectionViewPractice/Info.plist;
				LD_RUNPATH_SEARCH_PATHS = "$(inherited) @executable_path/Frameworks";
				PRODUCT_BUNDLE_IDENTIFIER = com.fiendishcorporation.CollectionViewPractice;
				PRODUCT_NAME = "$(TARGET_NAME)";
				SWIFT_VERSION = 4.0;
				TARGETED_DEVICE_FAMILY = "1,2";
			};
			name = Release;
		};
/* End XCBuildConfiguration section */

/* Begin XCConfigurationList section */
		00EA7C92204DD3A7003242C8 /* Build configuration list for PBXProject "CollectionViewPractice" */ = {
			isa = XCConfigurationList;
			buildConfigurations = (
				00EA7CA7204DD3A7003242C8 /* Debug */,
				00EA7CA8204DD3A7003242C8 /* Release */,
			);
			defaultConfigurationIsVisible = 0;
			defaultConfigurationName = Release;
		};
		00EA7CA9204DD3A7003242C8 /* Build configuration list for PBXNativeTarget "CollectionViewPractice" */ = {
			isa = XCConfigurationList;
			buildConfigurations = (
				00EA7CAA204DD3A7003242C8 /* Debug */,
				00EA7CAB204DD3A7003242C8 /* Release */,
			);
			defaultConfigurationIsVisible = 0;
			defaultConfigurationName = Release;
		};
/* End XCConfigurationList section */
	};
	rootObject = 00EA7C8F204DD3A7003242C8 /* Project object */;
}
